
Microsoft Visual Studio Solution File, Format Version 12.00
# Visual Studio Version 16
VisualStudioVersion = 16.0.30611.23
MinimumVisualStudioVersion = 10.0.40219.1
Project("{FAE04EC0-301F-11D3-BF4B-00C04F79EFBC}") = "yesno", "yesno\yesno.csproj", "{99CA64B8-C64C-4557-9039-4F32A646DB6B}"
EndProject
Global
	GlobalSection(SolutionConfigurationPlatforms) = preSolution
		Debug|Any CPU = Debug|Any CPU
		Release|Any CPU = Release|Any CPU
	EndGlobalSection
	GlobalSection(ProjectConfigurationPlatforms) = postSolution
		{99CA64B8-C64C-4557-9039-4F32A646DB6B}.Debug|Any CPU.ActiveCfg = Debug|Any CPU
		{99CA64B8-C64C-4557-9039-4F32A646DB6B}.Debug|Any CPU.Build.0 = Debug|Any CPU
		{99CA64B8-C64C-4557-9039-4F32A646DB6B}.Release|Any CPU.ActiveCfg = Release|Any CPU
		{99CA64B8-C64C-4557-9039-4F32A646DB6B}.Release|Any CPU.Build.0 = Release|Any CPU
	EndGlobalSection
	GlobalSection(SolutionProperties) = preSolution
		HideSolutionNode = FALSE
	EndGlobalSection
	GlobalSection(ExtensibilityGlobals) = postSolution
		SolutionGuid = {0727C284-19D1-4F57-A605-88DC5D4F3F21}
	EndGlobalSection
EndGlobal
